
Microsoft Visual Studio Solution File, Format Version 12.00
# Visual Studio Version 16
VisualStudioVersion = 16.0.31019.35
MinimumVisualStudioVersion = 10.0.40219.1
Project("{FAE04EC0-301F-11D3-BF4B-00C04F79EFBC}") = "Salao.API", "Salao.API\Salao.API.csproj", "{1E4E1455-F3C6-43AB-8CAA-F2963AC06DEF}"
EndProject
Project("{FAE04EC0-301F-11D3-BF4B-00C04F79EFBC}") = "Salao.Domain", "Salao.Domain\Salao.Domain.csproj", "{8BD8FC8E-2F28-488C-900E-F3AEAFBD5D80}"
EndProject
Project("{FAE04EC0-301F-11D3-BF4B-00C04F79EFBC}") = "Salao.Data", "Salao.Data\Salao.Data.csproj", "{362B7936-4A0A-4072-85B8-D59B4475A702}"
EndProject
Global
	GlobalSection(SolutionConfigurationPlatforms) = preSolution
		Debug|Any CPU = Debug|Any CPU
		Release|Any CPU = Release|Any CPU
	EndGlobalSection
	GlobalSection(ProjectConfigurationPlatforms) = postSolution
		{1E4E1455-F3C6-43AB-8CAA-F2963AC06DEF}.Debug|Any CPU.ActiveCfg = Debug|Any CPU
		{1E4E1455-F3C6-43AB-8CAA-F2963AC06DEF}.Debug|Any CPU.Build.0 = Debug|Any CPU
		{1E4E1455-F3C6-43AB-8CAA-F2963AC06DEF}.Release|Any CPU.ActiveCfg = Release|Any CPU
		{1E4E1455-F3C6-43AB-8CAA-F2963AC06DEF}.Release|Any CPU.Build.0 = Release|Any CPU
		{8BD8FC8E-2F28-488C-900E-F3AEAFBD5D80}.Debug|Any CPU.ActiveCfg = Debug|Any CPU
		{8BD8FC8E-2F28-488C-900E-F3AEAFBD5D80}.Debug|Any CPU.Build.0 = Debug|Any CPU
		{8BD8FC8E-2F28-488C-900E-F3AEAFBD5D80}.Release|Any CPU.ActiveCfg = Release|Any CPU
		{8BD8FC8E-2F28-488C-900E-F3AEAFBD5D80}.Release|Any CPU.Build.0 = Release|Any CPU
		{362B7936-4A0A-4072-85B8-D59B4475A702}.Debug|Any CPU.ActiveCfg = Debug|Any CPU
		{362B7936-4A0A-4072-85B8-D59B4475A702}.Debug|Any CPU.Build.0 = Debug|Any CPU
		{362B7936-4A0A-4072-85B8-D59B4475A702}.Release|Any CPU.ActiveCfg = Release|Any CPU
		{362B7936-4A0A-4072-85B8-D59B4475A702}.Release|Any CPU.Build.0 = Release|Any CPU
	EndGlobalSection
	GlobalSection(SolutionProperties) = preSolution
		HideSolutionNode = FALSE
	EndGlobalSection
	GlobalSection(ExtensibilityGlobals) = postSolution
		SolutionGuid = {C07350C0-791D-40E3-BB41-490C3CB5DED8}
	EndGlobalSection
EndGlobal
